
Microsoft Visual Studio Solution File, Format Version 12.00
# Visual Studio Version 17
VisualStudioVersion = 17.1.32228.430
MinimumVisualStudioVersion = 10.0.40219.1
Project("{9A19103F-16F7-4668-BE54-9A1E7A4F7556}") = "OneValet.DeviceGallery.API", "src\OneValet.DeviceGallery.API\OneValet.DeviceGallery.API.csproj", "{6F21111B-E074-4F20-8776-82E8793B99FE}"
EndProject
Project("{9A19103F-16F7-4668-BE54-9A1E7A4F7556}") = "OneValet.DeviceGallery.Domain", "src\OneValet.DeviceGallery.Domain\OneValet.DeviceGallery.Domain.csproj", "{CEE3B595-72AC-4461-AFDB-E516FB335513}"
EndProject
Project("{9A19103F-16F7-4668-BE54-9A1E7A4F7556}") = "OneValet.DeviceGallery.Infrastructure", "src\OneValet.DeviceGallery.Infrastructure\OneValet.DeviceGallery.Infrastructure.csproj", "{EF2286F7-AE88-474D-94B3-02C43100EA0B}"
EndProject
Project("{9A19103F-16F7-4668-BE54-9A1E7A4F7556}") = "OneValet.DeviceGallery.Application", "src\OneValet.DeviceGallery.Application\OneValet.DeviceGallery.Application.csproj", "{CAD1CBD6-3E6D-40D7-8C90-F62055D0A0C3}"
EndProject
Project("{9A19103F-16F7-4668-BE54-9A1E7A4F7556}") = "OneValet.DeviceGallery.Shared", "src\OneValet.DeviceGallery.Shared\OneValet.DeviceGallery.Shared.csproj", "{96944D37-EF27-46CA-BC6B-77A21937C50E}"
EndProject
Project("{2150E333-8FDC-42A3-9474-1A3956D46DE8}") = "tests", "tests", "{C76FBB38-B5FB-4341-A72B-B54850242029}"
EndProject
Project("{2150E333-8FDC-42A3-9474-1A3956D46DE8}") = "src", "src", "{A6FB7AEF-B4BB-45C0-965F-22103DE3505F}"
EndProject
Project("{FAE04EC0-301F-11D3-BF4B-00C04F79EFBC}") = "OneValet.DeviceGallery.API.UnitTests", "tests\OneValet.DeviceGallery.API.UnitTests\OneValet.DeviceGallery.API.UnitTests.csproj", "{A544E908-2015-4920-9ACC-1C91492FB385}"
EndProject
Global
	GlobalSection(SolutionConfigurationPlatforms) = preSolution
		Debug|Any CPU = Debug|Any CPU
		Release|Any CPU = Release|Any CPU
	EndGlobalSection
	GlobalSection(ProjectConfigurationPlatforms) = postSolution
		{6F21111B-E074-4F20-8776-82E8793B99FE}.Debug|Any CPU.ActiveCfg = Debug|Any CPU
		{6F21111B-E074-4F20-8776-82E8793B99FE}.Debug|Any CPU.Build.0 = Debug|Any CPU
		{6F21111B-E074-4F20-8776-82E8793B99FE}.Release|Any CPU.ActiveCfg = Release|Any CPU
		{6F21111B-E074-4F20-8776-82E8793B99FE}.Release|Any CPU.Build.0 = Release|Any CPU
		{CEE3B595-72AC-4461-AFDB-E516FB335513}.Debug|Any CPU.ActiveCfg = Debug|Any CPU
		{CEE3B595-72AC-4461-AFDB-E516FB335513}.Debug|Any CPU.Build.0 = Debug|Any CPU
		{CEE3B595-72AC-4461-AFDB-E516FB335513}.Release|Any CPU.ActiveCfg = Release|Any CPU
		{CEE3B595-72AC-4461-AFDB-E516FB335513}.Release|Any CPU.Build.0 = Release|Any CPU
		{EF2286F7-AE88-474D-94B3-02C43100EA0B}.Debug|Any CPU.ActiveCfg = Debug|Any CPU
		{EF2286F7-AE88-474D-94B3-02C43100EA0B}.Debug|Any CPU.Build.0 = Debug|Any CPU
		{EF2286F7-AE88-474D-94B3-02C43100EA0B}.Release|Any CPU.ActiveCfg = Release|Any CPU
		{EF2286F7-AE88-474D-94B3-02C43100EA0B}.Release|Any CPU.Build.0 = Release|Any CPU
		{CAD1CBD6-3E6D-40D7-8C90-F62055D0A0C3}.Debug|Any CPU.ActiveCfg = Debug|Any CPU
		{CAD1CBD6-3E6D-40D7-8C90-F62055D0A0C3}.Debug|Any CPU.Build.0 = Debug|Any CPU
		{CAD1CBD6-3E6D-40D7-8C90-F62055D0A0C3}.Release|Any CPU.ActiveCfg = Release|Any CPU
		{CAD1CBD6-3E6D-40D7-8C90-F62055D0A0C3}.Release|Any CPU.Build.0 = Release|Any CPU
		{96944D37-EF27-46CA-BC6B-77A21937C50E}.Debug|Any CPU.ActiveCfg = Debug|Any CPU
		{96944D37-EF27-46CA-BC6B-77A21937C50E}.Debug|Any CPU.Build.0 = Debug|Any CPU
		{96944D37-EF27-46CA-BC6B-77A21937C50E}.Release|Any CPU.ActiveCfg = Release|Any CPU
		{96944D37-EF27-46CA-BC6B-77A21937C50E}.Release|Any CPU.Build.0 = Release|Any CPU
		{A544E908-2015-4920-9ACC-1C91492FB385}.Debug|Any CPU.ActiveCfg = Debug|Any CPU
		{A544E908-2015-4920-9ACC-1C91492FB385}.Debug|Any CPU.Build.0 = Debug|Any CPU
		{A544E908-2015-4920-9ACC-1C91492FB385}.Release|Any CPU.ActiveCfg = Release|Any CPU
		{A544E908-2015-4920-9ACC-1C91492FB385}.Release|Any CPU.Build.0 = Release|Any CPU
	EndGlobalSection
	GlobalSection(SolutionProperties) = preSolution
		HideSolutionNode = FALSE
	EndGlobalSection
	GlobalSection(NestedProjects) = preSolution
		{6F21111B-E074-4F20-8776-82E8793B99FE} = {A6FB7AEF-B4BB-45C0-965F-22103DE3505F}
		{CEE3B595-72AC-4461-AFDB-E516FB335513} = {A6FB7AEF-B4BB-45C0-965F-22103DE3505F}
		{EF2286F7-AE88-474D-94B3-02C43100EA0B} = {A6FB7AEF-B4BB-45C0-965F-22103DE3505F}
		{CAD1CBD6-3E6D-40D7-8C90-F62055D0A0C3} = {A6FB7AEF-B4BB-45C0-965F-22103DE3505F}
		{96944D37-EF27-46CA-BC6B-77A21937C50E} = {A6FB7AEF-B4BB-45C0-965F-22103DE3505F}
		{A544E908-2015-4920-9ACC-1C91492FB385} = {C76FBB38-B5FB-4341-A72B-B54850242029}
	EndGlobalSection
	GlobalSection(ExtensibilityGlobals) = postSolution
		SolutionGuid = {4AB0E14F-C11F-4E9B-AF44-2113554D2ADD}
	EndGlobalSection
EndGlobal
